
Microsoft Visual Studio Solution File, Format Version 12.00
# Visual Studio 15
VisualStudioVersion = 15.0.28307.1145
MinimumVisualStudioVersion = 10.0.40219.1
Project("{9A19103F-16F7-4668-BE54-9A1E7A4F7556}") = "jobCRUD", "WebApplication1\jobCRUD.csproj", "{5BCE8724-E88A-43A5-8BC5-7AD436BCFA0D}"
EndProject
Global
	GlobalSection(SolutionConfigurationPlatforms) = preSolution
		Debug|Any CPU = Debug|Any CPU
		Release|Any CPU = Release|Any CPU
	EndGlobalSection
	GlobalSection(ProjectConfigurationPlatforms) = postSolution
		{5BCE8724-E88A-43A5-8BC5-7AD436BCFA0D}.Debug|Any CPU.ActiveCfg = Debug|Any CPU
		{5BCE8724-E88A-43A5-8BC5-7AD436BCFA0D}.Debug|Any CPU.Build.0 = Debug|Any CPU
		{5BCE8724-E88A-43A5-8BC5-7AD436BCFA0D}.Release|Any CPU.ActiveCfg = Release|Any CPU
		{5BCE8724-E88A-43A5-8BC5-7AD436BCFA0D}.Release|Any CPU.Build.0 = Release|Any CPU
	EndGlobalSection
	GlobalSection(SolutionProperties) = preSolution
		HideSolutionNode = FALSE
	EndGlobalSection
	GlobalSection(ExtensibilityGlobals) = postSolution
		SolutionGuid = {AE5E6B1C-08D6-4391-869B-E86C475A08FA}
	EndGlobalSection
EndGlobal
